// !$*UTF8*$!
{
	archiveVersion = 1;
	classes = {
	};
	objectVersion = 56;
	objects = {

/* Begin PBXBuildFile section */
		482B30ED437A313763B7716C /* Pods_TuttProj.framework in Frameworks */ = {isa = PBXBuildFile; fileRef = B7831867CCB078C410A3F0DC /* Pods_TuttProj.framework */; };
		890A3B3129A7695800FC006D /* CardView.swift in Sources */ = {isa = PBXBuildFile; fileRef = 890A3B3029A7695800FC006D /* CardView.swift */; };
		8983975E29A779BB0007F4D3 /* PopularServiceViewCell.swift in Sources */ = {isa = PBXBuildFile; fileRef = 8983975C29A779BB0007F4D3 /* PopularServiceViewCell.swift */; };
		8983975F29A779BB0007F4D3 /* PopularServiceViewCell.xib in Resources */ = {isa = PBXBuildFile; fileRef = 8983975D29A779BB0007F4D3 /* PopularServiceViewCell.xib */; };
		8983976229A77C810007F4D3 /* PopularService.swift in Sources */ = {isa = PBXBuildFile; fileRef = 8983976129A77C810007F4D3 /* PopularService.swift */; };
		898973D0299E269700756773 /* AppDelegate.swift in Sources */ = {isa = PBXBuildFile; fileRef = 898973CF299E269700756773 /* AppDelegate.swift */; };
		898973D2299E269700756773 /* SceneDelegate.swift in Sources */ = {isa = PBXBuildFile; fileRef = 898973D1299E269700756773 /* SceneDelegate.swift */; };
		898973D4299E269700756773 /* ViewController.swift in Sources */ = {isa = PBXBuildFile; fileRef = 898973D3299E269700756773 /* ViewController.swift */; };
		898973D7299E269700756773 /* Main.storyboard in Resources */ = {isa = PBXBuildFile; fileRef = 898973D5299E269700756773 /* Main.storyboard */; };
		898973DA299E269700756773 /* TuttProj.xcdatamodeld in Sources */ = {isa = PBXBuildFile; fileRef = 898973D8299E269700756773 /* TuttProj.xcdatamodeld */; };
		898973DC299E269900756773 /* Assets.xcassets in Resources */ = {isa = PBXBuildFile; fileRef = 898973DB299E269900756773 /* Assets.xcassets */; };
		898973DF299E269900756773 /* LaunchScreen.storyboard in Resources */ = {isa = PBXBuildFile; fileRef = 898973DD299E269900756773 /* LaunchScreen.storyboard */; };
		89C3E6B929AB13790042C61E /* QuickReachViewController.swift in Sources */ = {isa = PBXBuildFile; fileRef = 89C3E6B829AB13790042C61E /* QuickReachViewController.swift */; };
/* End PBXBuildFile section */

/* Begin PBXFileReference section */
		2B92BEF46EDABB74FB26F4E6 /* Pods-TuttProj.debug.xcconfig */ = {isa = PBXFileReference; includeInIndex = 1; lastKnownFileType = text.xcconfig; name = "Pods-TuttProj.debug.xcconfig"; path = "Target Support Files/Pods-TuttProj/Pods-TuttProj.debug.xcconfig"; sourceTree = "<group>"; };
		2C2EE91DEBB8AD108E38645E /* Pods-TuttProj.release.xcconfig */ = {isa = PBXFileReference; includeInIndex = 1; lastKnownFileType = text.xcconfig; name = "Pods-TuttProj.release.xcconfig"; path = "Target Support Files/Pods-TuttProj/Pods-TuttProj.release.xcconfig"; sourceTree = "<group>"; };
		890A3B3029A7695800FC006D /* CardView.swift */ = {isa = PBXFileReference; lastKnownFileType = sourcecode.swift; path = CardView.swift; sourceTree = "<group>"; };
		8983975C29A779BB0007F4D3 /* PopularServiceViewCell.swift */ = {isa = PBXFileReference; lastKnownFileType = sourcecode.swift; path = PopularServiceViewCell.swift; sourceTree = "<group>"; };
		8983975D29A779BB0007F4D3 /* PopularServiceViewCell.xib */ = {isa = PBXFileReference; lastKnownFileType = file.xib; path = PopularServiceViewCell.xib; sourceTree = "<group>"; };
		8983976129A77C810007F4D3 /* PopularService.swift */ = {isa = PBXFileReference; lastKnownFileType = sourcecode.swift; path = PopularService.swift; sourceTree = "<group>"; };
		898973CC299E269700756773 /* TuttProj.app */ = {isa = PBXFileReference; explicitFileType = wrapper.application; includeInIndex = 0; path = TuttProj.app; sourceTree = BUILT_PRODUCTS_DIR; };
		898973CF299E269700756773 /* AppDelegate.swift */ = {isa = PBXFileReference; lastKnownFileType = sourcecode.swift; path = AppDelegate.swift; sourceTree = "<group>"; };
		898973D1299E269700756773 /* SceneDelegate.swift */ = {isa = PBXFileReference; lastKnownFileType = sourcecode.swift; path = SceneDelegate.swift; sourceTree = "<group>"; };
		898973D3299E269700756773 /* ViewController.swift */ = {isa = PBXFileReference; lastKnownFileType = sourcecode.swift; path = ViewController.swift; sourceTree = "<group>"; };
		898973D6299E269700756773 /* Base */ = {isa = PBXFileReference; lastKnownFileType = file.storyboard; name = Base; path = Base.lproj/Main.storyboard; sourceTree = "<group>"; };
		898973D9299E269700756773 /* TuttProj.xcdatamodel */ = {isa = PBXFileReference; lastKnownFileType = wrapper.xcdatamodel; path = TuttProj.xcdatamodel; sourceTree = "<group>"; };
		898973DB299E269900756773 /* Assets.xcassets */ = {isa = PBXFileReference; lastKnownFileType = folder.assetcatalog; path = Assets.xcassets; sourceTree = "<group>"; };
		898973DE299E269900756773 /* Base */ = {isa = PBXFileReference; lastKnownFileType = file.storyboard; name = Base; path = Base.lproj/LaunchScreen.storyboard; sourceTree = "<group>"; };
		898973E0299E269900756773 /* Info.plist */ = {isa = PBXFileReference; lastKnownFileType = text.plist.xml; path = Info.plist; sourceTree = "<group>"; };
		89C3E6B829AB13790042C61E /* QuickReachViewController.swift */ = {isa = PBXFileReference; lastKnownFileType = sourcecode.swift; path = QuickReachViewController.swift; sourceTree = "<group>"; };
		B7831867CCB078C410A3F0DC /* Pods_TuttProj.framework */ = {isa = PBXFileReference; explicitFileType = wrapper.framework; includeInIndex = 0; path = Pods_TuttProj.framework; sourceTree = BUILT_PRODUCTS_DIR; };
/* End PBXFileReference section */

/* Begin PBXFrameworksBuildPhase section */
		898973C9299E269700756773 /* Frameworks */ = {
			isa = PBXFrameworksBuildPhase;
			buildActionMask = 2147483647;
			files = (
				482B30ED437A313763B7716C /* Pods_TuttProj.framework in Frameworks */,
			);
			runOnlyForDeploymentPostprocessing = 0;
		};
/* End PBXFrameworksBuildPhase section */

/* Begin PBXGroup section */
		01EF6781E6301DC3EC127AE2 /* Pods */ = {
			isa = PBXGroup;
			children = (
				2B92BEF46EDABB74FB26F4E6 /* Pods-TuttProj.debug.xcconfig */,
				2C2EE91DEBB8AD108E38645E /* Pods-TuttProj.release.xcconfig */,
			);
			name = Pods;
			path = Pods;
			sourceTree = "<group>";
		};
		53875C9A8190EC14D2DF7F65 /* Frameworks */ = {
			isa = PBXGroup;
			children = (
				B7831867CCB078C410A3F0DC /* Pods_TuttProj.framework */,
			);
			name = Frameworks;
			sourceTree = "<group>";
		};
		890A3B2E29A7691E00FC006D /* CustomViews */ = {
			isa = PBXGroup;
			children = (
				890A3B3529A76F9200FC006D /* PopularServiceViewCell */,
				890A3B2F29A7692F00FC006D /* CardView */,
			);
			path = CustomViews;
			sourceTree = "<group>";
		};
		890A3B2F29A7692F00FC006D /* CardView */ = {
			isa = PBXGroup;
			children = (
				890A3B3029A7695800FC006D /* CardView.swift */,
			);
			path = CardView;
			sourceTree = "<group>";
		};
		890A3B3529A76F9200FC006D /* PopularServiceViewCell */ = {
			isa = PBXGroup;
			children = (
				8983975C29A779BB0007F4D3 /* PopularServiceViewCell.swift */,
				8983975D29A779BB0007F4D3 /* PopularServiceViewCell.xib */,
			);
			path = PopularServiceViewCell;
			sourceTree = "<group>";
		};
		8983976029A77C680007F4D3 /* Models */ = {
			isa = PBXGroup;
			children = (
				8983976129A77C810007F4D3 /* PopularService.swift */,
			);
			path = Models;
			sourceTree = "<group>";
		};
		898973C3299E269700756773 = {
			isa = PBXGroup;
			children = (
				8983976029A77C680007F4D3 /* Models */,
				890A3B2E29A7691E00FC006D /* CustomViews */,
				898973CE299E269700756773 /* TuttProj */,
				898973CD299E269700756773 /* Products */,
				01EF6781E6301DC3EC127AE2 /* Pods */,
				53875C9A8190EC14D2DF7F65 /* Frameworks */,
			);
			sourceTree = "<group>";
		};
		898973CD299E269700756773 /* Products */ = {
			isa = PBXGroup;
			children = (
				898973CC299E269700756773 /* TuttProj.app */,
			);
			name = Products;
			sourceTree = "<group>";
		};
		898973CE299E269700756773 /* TuttProj */ = {
			isa = PBXGroup;
			children = (
				898973CF299E269700756773 /* AppDelegate.swift */,
				898973D1299E269700756773 /* SceneDelegate.swift */,
				898973D3299E269700756773 /* ViewController.swift */,
				898973D5299E269700756773 /* Main.storyboard */,
				898973DB299E269900756773 /* Assets.xcassets */,
				898973DD299E269900756773 /* LaunchScreen.storyboard */,
				898973E0299E269900756773 /* Info.plist */,
				898973D8299E269700756773 /* TuttProj.xcdatamodeld */,
				89C3E6B829AB13790042C61E /* QuickReachViewController.swift */,
			);
			path = TuttProj;
			sourceTree = "<group>";
		};
/* End PBXGroup section */

/* Begin PBXNativeTarget section */
		898973CB299E269700756773 /* TuttProj */ = {
			isa = PBXNativeTarget;
			buildConfigurationList = 898973E3299E269900756773 /* Build configuration list for PBXNativeTarget "TuttProj" */;
			buildPhases = (
				15F0262291C2049425DFF7BA /* [CP] Check Pods Manifest.lock */,
				898973C8299E269700756773 /* Sources */,
				898973C9299E269700756773 /* Frameworks */,
				898973CA299E269700756773 /* Resources */,
				61F9B12E23E7011C6938AB29 /* [CP] Embed Pods Frameworks */,
			);
			buildRules = (
			);
			dependencies = (
			);
			name = TuttProj;
			productName = TuttProj;
			productReference = 898973CC299E269700756773 /* TuttProj.app */;
			productType = "com.apple.product-type.application";
		};
/* End PBXNativeTarget section */

/* Begin PBXProject section */
		898973C4299E269700756773 /* Project object */ = {
			isa = PBXProject;
			attributes = {
				BuildIndependentTargetsInParallel = 1;
				LastSwiftUpdateCheck = 1420;
				LastUpgradeCheck = 1420;
				TargetAttributes = {
					898973CB299E269700756773 = {
						CreatedOnToolsVersion = 14.2;
					};
				};
			};
			buildConfigurationList = 898973C7299E269700756773 /* Build configuration list for PBXProject "TuttProj" */;
			compatibilityVersion = "Xcode 14.0";
			developmentRegion = en;
			hasScannedForEncodings = 0;
			knownRegions = (
				en,
				Base,
			);
			mainGroup = 898973C3299E269700756773;
			productRefGroup = 898973CD299E269700756773 /* Products */;
			projectDirPath = "";
			projectRoot = "";
			targets = (
				898973CB299E269700756773 /* TuttProj */,
			);
		};
/* End PBXProject section */

/* Begin PBXResourcesBuildPhase section */
		898973CA299E269700756773 /* Resources */ = {
			isa = PBXResourcesBuildPhase;
			buildActionMask = 2147483647;
			files = (
				8983975F29A779BB0007F4D3 /* PopularServiceViewCell.xib in Resources */,
				898973DF299E269900756773 /* LaunchScreen.storyboard in Resources */,
				898973DC299E269900756773 /* Assets.xcassets in Resources */,
				898973D7299E269700756773 /* Main.storyboard in Resources */,
			);
			runOnlyForDeploymentPostprocessing = 0;
		};
/* End PBXResourcesBuildPhase section */

/* Begin PBXShellScriptBuildPhase section */
		15F0262291C2049425DFF7BA /* [CP] Check Pods Manifest.lock */ = {
			isa = PBXShellScriptBuildPhase;
			buildActionMask = 2147483647;
			files = (
			);
			inputFileListPaths = (
			);
			inputPaths = (
				"${PODS_PODFILE_DIR_PATH}/Podfile.lock",
				"${PODS_ROOT}/Manifest.lock",
			);
			name = "[CP] Check Pods Manifest.lock";
			outputFileListPaths = (
			);
			outputPaths = (
				"$(DERIVED_FILE_DIR)/Pods-TuttProj-checkManifestLockResult.txt",
			);
			runOnlyForDeploymentPostprocessing = 0;
			shellPath = /bin/sh;
			shellScript = "diff \"${PODS_PODFILE_DIR_PATH}/Podfile.lock\" \"${PODS_ROOT}/Manifest.lock\" > /dev/null\nif [ $? != 0 ] ; then\n    # print error to STDERR\n    echo \"error: The sandbox is not in sync with the Podfile.lock. Run 'pod install' or update your CocoaPods installation.\" >&2\n    exit 1\nfi\n# This output is used by Xcode 'outputs' to avoid re-running this script phase.\necho \"SUCCESS\" > \"${SCRIPT_OUTPUT_FILE_0}\"\n";
			showEnvVarsInLog = 0;
		};
		61F9B12E23E7011C6938AB29 /* [CP] Embed Pods Frameworks */ = {
			isa = PBXShellScriptBuildPhase;
			buildActionMask = 2147483647;
			files = (
			);
			inputFileListPaths = (
				"${PODS_ROOT}/Target Support Files/Pods-TuttProj/Pods-TuttProj-frameworks-${CONFIGURATION}-input-files.xcfilelist",
			);
			name = "[CP] Embed Pods Frameworks";
			outputFileListPaths = (
				"${PODS_ROOT}/Target Support Files/Pods-TuttProj/Pods-TuttProj-frameworks-${CONFIGURATION}-output-files.xcfilelist",
			);
			runOnlyForDeploymentPostprocessing = 0;
			shellPath = /bin/sh;
			shellScript = "\"${PODS_ROOT}/Target Support Files/Pods-TuttProj/Pods-TuttProj-frameworks.sh\"\n";
			showEnvVarsInLog = 0;
		};
/* End PBXShellScriptBuildPhase section */

/* Begin PBXSourcesBuildPhase section */
		898973C8299E269700756773 /* Sources */ = {
			isa = PBXSourcesBuildPhase;
			buildActionMask = 2147483647;
			files = (
				89C3E6B929AB13790042C61E /* QuickReachViewController.swift in Sources */,
				898973D4299E269700756773 /* ViewController.swift in Sources */,
				898973DA299E269700756773 /* TuttProj.xcdatamodeld in Sources */,
				898973D0299E269700756773 /* AppDelegate.swift in Sources */,
				8983976229A77C810007F4D3 /* PopularService.swift in Sources */,
				898973D2299E269700756773 /* SceneDelegate.swift in Sources */,
				8983975E29A779BB0007F4D3 /* PopularServiceViewCell.swift in Sources */,
				890A3B3129A7695800FC006D /* CardView.swift in Sources */,
			);
			runOnlyForDeploymentPostprocessing = 0;
		};
/* End PBXSourcesBuildPhase section */

/* Begin PBXVariantGroup section */
		898973D5299E269700756773 /* Main.storyboard */ = {
			isa = PBXVariantGroup;
			children = (
				898973D6299E269700756773 /* Base */,
			);
			name = Main.storyboard;
			sourceTree = "<group>";
		};
		898973DD299E269900756773 /* LaunchScreen.storyboard */ = {
			isa = PBXVariantGroup;
			children = (
				898973DE299E269900756773 /* Base */,
			);
			name = LaunchScreen.storyboard;
			sourceTree = "<group>";
		};
/* End PBXVariantGroup section */

/* Begin XCBuildConfiguration section */
		898973E1299E269900756773 /* Debug */ = {
			isa = XCBuildConfiguration;
			buildSettings = {
				ALWAYS_SEARCH_USER_PATHS = NO;
				CLANG_ANALYZER_NONNULL = YES;
				CLANG_ANALYZER_NUMBER_OBJECT_CONVERSION = YES_AGGRESSIVE;
				CLANG_CXX_LANGUAGE_STANDARD = "gnu++20";
				CLANG_ENABLE_MODULES = YES;
				CLANG_ENABLE_OBJC_ARC = YES;
				CLANG_ENABLE_OBJC_WEAK = YES;
				CLANG_WARN_BLOCK_CAPTURE_AUTORELEASING = YES;
				CLANG_WARN_BOOL_CONVERSION = YES;
				CLANG_WARN_COMMA = YES;
				CLANG_WARN_CONSTANT_CONVERSION = YES;
				CLANG_WARN_DEPRECATED_OBJC_IMPLEMENTATIONS = YES;
				CLANG_WARN_DIRECT_OBJC_ISA_USAGE = YES_ERROR;
				CLANG_WARN_DOCUMENTATION_COMMENTS = YES;
				CLANG_WARN_EMPTY_BODY = YES;
				CLANG_WARN_ENUM_CONVERSION = YES;
				CLANG_WARN_INFINITE_RECURSION = YES;
				CLANG_WARN_INT_CONVERSION = YES;
				CLANG_WARN_NON_LITERAL_NULL_CONVERSION = YES;
				CLANG_WARN_OBJC_IMPLICIT_RETAIN_SELF = YES;
				CLANG_WARN_OBJC_LITERAL_CONVERSION = YES;
				CLANG_WARN_OBJC_ROOT_CLASS = YES_ERROR;
				CLANG_WARN_QUOTED_INCLUDE_IN_FRAMEWORK_HEADER = YES;
				CLANG_WARN_RANGE_LOOP_ANALYSIS = YES;
				CLANG_WARN_STRICT_PROTOTYPES = YES;
				CLANG_WARN_SUSPICIOUS_MOVE = YES;
				CLANG_WARN_UNGUARDED_AVAILABILITY = YES_AGGRESSIVE;
				CLANG_WARN_UNREACHABLE_CODE = YES;
				CLANG_WARN__DUPLICATE_METHOD_MATCH = YES;
				COPY_PHASE_STRIP = NO;
				DEBUG_INFORMATION_FORMAT = dwarf;
				ENABLE_STRICT_OBJC_MSGSEND = YES;
				ENABLE_TESTABILITY = YES;
				GCC_C_LANGUAGE_STANDARD = gnu11;
				GCC_DYNAMIC_NO_PIC = NO;
				GCC_NO_COMMON_BLOCKS = YES;
				GCC_OPTIMIZATION_LEVEL = 0;
				GCC_PREPROCESSOR_DEFINITIONS = (
					"DEBUG=1",
					"$(inherited)",
				);
				GCC_WARN_64_TO_32_BIT_CONVERSION = YES;
				GCC_WARN_ABOUT_RETURN_TYPE = YES_ERROR;
				GCC_WARN_UNDECLARED_SELECTOR = YES;
				GCC_WARN_UNINITIALIZED_AUTOS = YES_AGGRESSIVE;
				GCC_WARN_UNUSED_FUNCTION = YES;
				GCC_WARN_UNUSED_VARIABLE = YES;
				IPHONEOS_DEPLOYMENT_TARGET = 13.0;
				MTL_ENABLE_DEBUG_INFO = INCLUDE_SOURCE;
				MTL_FAST_MATH = YES;
				ONLY_ACTIVE_ARCH = YES;
				SDKROOT = iphoneos;
				SWIFT_ACTIVE_COMPILATION_CONDITIONS = DEBUG;
				SWIFT_OPTIMIZATION_LEVEL = "-Onone";
			};
			name = Debug;
		};
		898973E2299E269900756773 /* Release */ = {
			isa = XCBuildConfiguration;
			buildSettings = {
				ALWAYS_SEARCH_USER_PATHS = NO;
				CLANG_ANALYZER_NONNULL = YES;
				CLANG_ANALYZER_NUMBER_OBJECT_CONVERSION = YES_AGGRESSIVE;
				CLANG_CXX_LANGUAGE_STANDARD = "gnu++20";
				CLANG_ENABLE_MODULES = YES;
				CLANG_ENABLE_OBJC_ARC = YES;
				CLANG_ENABLE_OBJC_WEAK = YES;
				CLANG_WARN_BLOCK_CAPTURE_AUTORELEASING = YES;
				CLANG_WARN_BOOL_CONVERSION = YES;
				CLANG_WARN_COMMA = YES;
				CLANG_WARN_CONSTANT_CONVERSION = YES;
				CLANG_WARN_DEPRECATED_OBJC_IMPLEMENTATIONS = YES;
				CLANG_WARN_DIRECT_OBJC_ISA_USAGE = YES_ERROR;
				CLANG_WARN_DOCUMENTATION_COMMENTS = YES;
				CLANG_WARN_EMPTY_BODY = YES;
				CLANG_WARN_ENUM_CONVERSION = YES;
				CLANG_WARN_INFINITE_RECURSION = YES;
				CLANG_WARN_INT_CONVERSION = YES;
				CLANG_WARN_NON_LITERAL_NULL_CONVERSION = YES;
				CLANG_WARN_OBJC_IMPLICIT_RETAIN_SELF = YES;
				CLANG_WARN_OBJC_LITERAL_CONVERSION = YES;
				CLANG_WARN_OBJC_ROOT_CLASS = YES_ERROR;
				CLANG_WARN_QUOTED_INCLUDE_IN_FRAMEWORK_HEADER = YES;
				CLANG_WARN_RANGE_LOOP_ANALYSIS = YES;
				CLANG_WARN_STRICT_PROTOTYPES = YES;
				CLANG_WARN_SUSPICIOUS_MOVE = YES;
				CLANG_WARN_UNGUARDED_AVAILABILITY = YES_AGGRESSIVE;
				CLANG_WARN_UNREACHABLE_CODE = YES;
				CLANG_WARN__DUPLICATE_METHOD_MATCH = YES;
				COPY_PHASE_STRIP = NO;
				DEBUG_INFORMATION_FORMAT = "dwarf-with-dsym";
				ENABLE_NS_ASSERTIONS = NO;
				ENABLE_STRICT_OBJC_MSGSEND = YES;
				GCC_C_LANGUAGE_STANDARD = gnu11;
				GCC_NO_COMMON_BLOCKS = YES;
				GCC_WARN_64_TO_32_BIT_CONVERSION = YES;
				GCC_WARN_ABOUT_RETURN_TYPE = YES_ERROR;
				GCC_WARN_UNDECLARED_SELECTOR = YES;
				GCC_WARN_UNINITIALIZED_AUTOS = YES_AGGRESSIVE;
				GCC_WARN_UNUSED_FUNCTION = YES;
				GCC_WARN_UNUSED_VARIABLE = YES;
				IPHONEOS_DEPLOYMENT_TARGET = 13.0;
				MTL_ENABLE_DEBUG_INFO = NO;
				MTL_FAST_MATH = YES;
				SDKROOT = iphoneos;
				SWIFT_COMPILATION_MODE = wholemodule;
				SWIFT_OPTIMIZATION_LEVEL = "-O";
				VALIDATE_PRODUCT = YES;
			};
			name = Release;
		};
		898973E4299E269900756773 /* Debug */ = {
			isa = XCBuildConfiguration;
			baseConfigurationReference = 2B92BEF46EDABB74FB26F4E6 /* Pods-TuttProj.debug.xcconfig */;
			buildSettings = {
				ASSETCATALOG_COMPILER_APPICON_NAME = AppIcon;
				ASSETCATALOG_COMPILER_GLOBAL_ACCENT_COLOR_NAME = AccentColor;
				CODE_SIGN_STYLE = Automatic;
				CURRENT_PROJECT_VERSION = 1;
				DEVELOPMENT_TEAM = RGT6528626;
				GENERATE_INFOPLIST_FILE = YES;
				INFOPLIST_FILE = TuttProj/Info.plist;
				INFOPLIST_KEY_UIApplicationSupportsIndirectInputEvents = YES;
				INFOPLIST_KEY_UILaunchStoryboardName = LaunchScreen;
				INFOPLIST_KEY_UIMainStoryboardFile = Main;
				INFOPLIST_KEY_UISupportedInterfaceOrientations_iPad = "UIInterfaceOrientationPortrait UIInterfaceOrientationPortraitUpsideDown UIInterfaceOrientationLandscapeLeft UIInterfaceOrientationLandscapeRight";
				INFOPLIST_KEY_UISupportedInterfaceOrientations_iPhone = "UIInterfaceOrientationPortrait UIInterfaceOrientationLandscapeLeft UIInterfaceOrientationLandscapeRight";
				IPHONEOS_DEPLOYMENT_TARGET = 13.0;
				LD_RUNPATH_SEARCH_PATHS = (
					"$(inherited)",
					"@executable_path/Frameworks",
				);
				MARKETING_VERSION = 1.0;
				PRODUCT_BUNDLE_IDENTIFIER = com.sakibssamad.TuttProj;
				PRODUCT_NAME = "$(TARGET_NAME)";
				SWIFT_EMIT_LOC_STRINGS = YES;
				SWIFT_VERSION = 5.0;
				TARGETED_DEVICE_FAMILY = "1,2";
			};
			name = Debug;
		};
		898973E5299E269900756773 /* Release */ = {
			isa = XCBuildConfiguration;
			baseConfigurationReference = 2C2EE91DEBB8AD108E38645E /* Pods-TuttProj.release.xcconfig */;
			buildSettings = {
				ASSETCATALOG_COMPILER_APPICON_NAME = AppIcon;
				ASSETCATALOG_COMPILER_GLOBAL_ACCENT_COLOR_NAME = AccentColor;
				CODE_SIGN_STYLE = Automatic;
				CURRENT_PROJECT_VERSION = 1;
				DEVELOPMENT_TEAM = RGT6528626;
				GENERATE_INFOPLIST_FILE = YES;
				INFOPLIST_FILE = TuttProj/Info.plist;
				INFOPLIST_KEY_UIApplicationSupportsIndirectInputEvents = YES;
				INFOPLIST_KEY_UILaunchStoryboardName = LaunchScreen;
				INFOPLIST_KEY_UIMainStoryboardFile = Main;
				INFOPLIST_KEY_UISupportedInterfaceOrientations_iPad = "UIInterfaceOrientationPortrait UIInterfaceOrientationPortraitUpsideDown UIInterfaceOrientationLandscapeLeft UIInterfaceOrientationLandscapeRight";
				INFOPLIST_KEY_UISupportedInterfaceOrientations_iPhone = "UIInterfaceOrientationPortrait UIInterfaceOrientationLandscapeLeft UIInterfaceOrientationLandscapeRight";
				IPHONEOS_DEPLOYMENT_TARGET = 13.0;
				LD_RUNPATH_SEARCH_PATHS = (
					"$(inherited)",
					"@executable_path/Frameworks",
				);
				MARKETING_VERSION = 1.0;
				PRODUCT_BUNDLE_IDENTIFIER = com.sakibssamad.TuttProj;
				PRODUCT_NAME = "$(TARGET_NAME)";
				SWIFT_EMIT_LOC_STRINGS = YES;
				SWIFT_VERSION = 5.0;
				TARGETED_DEVICE_FAMILY = "1,2";
			};
			name = Release;
		};
/* End XCBuildConfiguration section */

/* Begin XCConfigurationList section */
		898973C7299E269700756773 /* Build configuration list for PBXProject "TuttProj" */ = {
			isa = XCConfigurationList;
			buildConfigurations = (
				898973E1299E269900756773 /* Debug */,
				898973E2299E269900756773 /* Release */,
			);
			defaultConfigurationIsVisible = 0;
			defaultConfigurationName = Release;
		};
		898973E3299E269900756773 /* Build configuration list for PBXNativeTarget "TuttProj" */ = {
			isa = XCConfigurationList;
			buildConfigurations = (
				898973E4299E269900756773 /* Debug */,
				898973E5299E269900756773 /* Release */,
			);
			defaultConfigurationIsVisible = 0;
			defaultConfigurationName = Release;
		};
/* End XCConfigurationList section */

/* Begin XCVersionGroup section */
		898973D8299E269700756773 /* TuttProj.xcdatamodeld */ = {
			isa = XCVersionGroup;
			children = (
				898973D9299E269700756773 /* TuttProj.xcdatamodel */,
			);
			currentVersion = 898973D9299E269700756773 /* TuttProj.xcdatamodel */;
			path = TuttProj.xcdatamodeld;
			sourceTree = "<group>";
			versionGroupType = wrapper.xcdatamodel;
		};
/* End XCVersionGroup section */
	};
	rootObject = 898973C4299E269700756773 /* Project object */;
}
